
Microsoft Visual Studio Solution File, Format Version 12.00
# Visual Studio Version 17
VisualStudioVersion = 17.14.36414.22 d17.14
MinimumVisualStudioVersion = 10.0.40219.1
Project("{FAE04EC0-301F-11D3-BF4B-00C04F79EFBC}") = "Assignment2", "Assignment2\Assignment2.csproj", "{BB5F2D15-2F87-4C41-B953-F4472FA10047}"
EndProject
Global
	GlobalSection(SolutionConfigurationPlatforms) = preSolution
		Debug|Any CPU = Debug|Any CPU
		Release|Any CPU = Release|Any CPU
	EndGlobalSection
	GlobalSection(ProjectConfigurationPlatforms) = postSolution
		{BB5F2D15-2F87-4C41-B953-F4472FA10047}.Debug|Any CPU.ActiveCfg = Debug|Any CPU
		{BB5F2D15-2F87-4C41-B953-F4472FA10047}.Debug|Any CPU.Build.0 = Debug|Any CPU
		{BB5F2D15-2F87-4C41-B953-F4472FA10047}.Release|Any CPU.ActiveCfg = Release|Any CPU
		{BB5F2D15-2F87-4C41-B953-F4472FA10047}.Release|Any CPU.Build.0 = Release|Any CPU
	EndGlobalSection
	GlobalSection(SolutionProperties) = preSolution
		HideSolutionNode = FALSE
	EndGlobalSection
	GlobalSection(ExtensibilityGlobals) = postSolution
		SolutionGuid = {88383B37-D891-47E7-95B5-AC8AEC1818A1}
	EndGlobalSection
EndGlobal
